{
  "name": "hotwire-golang-website",
  "version": "1.0.0",
  "lockfileVersion": 2,
  "requires": true,
  "packages": {
    "": {
      "name": "hotwire-golang-website",
      "version": "1.0.0",
      "license": "ISC",
      "dependencies": {
        "@hotwired/stimulus": "^3.1.1"
      }
    },
    "node_modules/@hotwired/stimulus": {
      "version": "3.1.1",
      "resolved": "https://registry.npmjs.org/@hotwired/stimulus/-/stimulus-3.1.1.tgz",
      "integrity": "sha512-e0JpzIaYLsRRXevRDVs0yevabiCvieIWWCwh7VqVXjXM5AOHdjb7AjaKIj34zYFmY1N6HIRRfk915WVMYlHnDA=="
    }
  },
  "dependencies": {
    "@hotwired/stimulus": {
      "version": "3.1.1",
      "resolved": "https://registry.npmjs.org/@hotwired/stimulus/-/stimulus-3.1.1.tgz",
      "integrity": "sha512-e0JpzIaYLsRRXevRDVs0yevabiCvieIWWCwh7VqVXjXM5AOHdjb7AjaKIj34zYFmY1N6HIRRfk915WVMYlHnDA=="
    }
  }
}
