{
  "name": "hotwire-golang-website",
  "version": "1.0.0",
  "lockfileVersion": 2,
  "requires": true,
  "packages": {
    "": {
      "name": "hotwire-golang-website",
      "version": "1.0.0",
      "license": "ISC",
      "dependencies": {
        "@stimulus/core": "^2.0.0",
        "esbuild": "^0.8.41"
      }
    },
    "node_modules/@stimulus/core": {
      "version": "2.0.0",
      "license": "MIT",
      "dependencies": {
        "@stimulus/mutation-observers": "^2.0.0"
      }
    },
    "node_modules/@stimulus/multimap": {
      "version": "2.0.0",
      "license": "MIT"
    },
    "node_modules/@stimulus/mutation-observers": {
      "version": "2.0.0",
      "license": "MIT",
      "dependencies": {
        "@stimulus/multimap": "^2.0.0"
      }
    },
    "node_modules/esbuild": {
      "version": "0.8.41",
      "hasInstallScript": true,
      "license": "MIT",
      "bin": {
        "esbuild": "bin/esbuild"
      }
    }
  },
  "dependencies": {
    "@stimulus/core": {
      "version": "2.0.0",
      "requires": {
        "@stimulus/mutation-observers": "^2.0.0"
      }
    },
    "@stimulus/multimap": {
      "version": "2.0.0"
    },
    "@stimulus/mutation-observers": {
      "version": "2.0.0",
      "requires": {
        "@stimulus/multimap": "^2.0.0"
      }
    },
    "esbuild": {
      "version": "0.8.41"
    }
  }
}
